{
  "name": "country-data-codes",
  "version": "4.0.2",
  "lockfileVersion": 2,
  "requires": true,
  "packages": {
    "": {
      "name": "country-data-codes",
      "version": "4.0.2",
      "license": "MIT",
      "dependencies": {
        "country-data-codes": "^4.0.2"
      },
      "devDependencies": {
        "@types/node": "^18.11.10",
        "typescript": "^4.9.3"
      }
    },
    "node_modules/@types/node": {
      "version": "18.11.13",
      "resolved": "https://registry.npmjs.org/@types/node/-/node-18.11.13.tgz",
      "integrity": "sha512-IASpMGVcWpUsx5xBOrxMj7Bl8lqfuTY7FKAnPmu5cHkfQVWF8GulWS1jbRqA934qZL35xh5xN/+Xe/i26Bod4w==",
      "dev": true
    },
    "node_modules/country-data-codes": {
      "version": "4.0.2",
      "resolved": "https://registry.npmjs.org/country-data-codes/-/country-data-codes-4.0.2.tgz",
      "integrity": "sha512-bwg/AtEIgHXYP8z2w3xK7vs/qdAiBBWJ4pGoneTjClfZZq1gO40iqRp+0202k3Dn3c5hIhEX2/6e/uze6C+p5g=="
    },
    "node_modules/typescript": {
      "version": "4.9.4",
      "resolved": "https://registry.npmjs.org/typescript/-/typescript-4.9.4.tgz",
      "integrity": "sha512-Uz+dTXYzxXXbsFpM86Wh3dKCxrQqUcVMxwU54orwlJjOpO3ao8L7j5lH+dWfTwgCwIuM9GQ2kvVotzYJMXTBZg==",
      "dev": true,
      "bin": {
        "tsc": "bin/tsc",
        "tsserver": "bin/tsserver"
      },
      "engines": {
        "node": ">=4.2.0"
      }
    }
  },
  "dependencies": {
    "@types/node": {
      "version": "18.11.13",
      "resolved": "https://registry.npmjs.org/@types/node/-/node-18.11.13.tgz",
      "integrity": "sha512-IASpMGVcWpUsx5xBOrxMj7Bl8lqfuTY7FKAnPmu5cHkfQVWF8GulWS1jbRqA934qZL35xh5xN/+Xe/i26Bod4w==",
      "dev": true
    },
    "country-data-codes": {
      "version": "4.0.2",
      "resolved": "https://registry.npmjs.org/country-data-codes/-/country-data-codes-4.0.2.tgz",
      "integrity": "sha512-bwg/AtEIgHXYP8z2w3xK7vs/qdAiBBWJ4pGoneTjClfZZq1gO40iqRp+0202k3Dn3c5hIhEX2/6e/uze6C+p5g=="
    },
    "typescript": {
      "version": "4.9.4",
      "resolved": "https://registry.npmjs.org/typescript/-/typescript-4.9.4.tgz",
      "integrity": "sha512-Uz+dTXYzxXXbsFpM86Wh3dKCxrQqUcVMxwU54orwlJjOpO3ao8L7j5lH+dWfTwgCwIuM9GQ2kvVotzYJMXTBZg==",
      "dev": true
    }
  }
}
